
Microsoft Visual Studio Solution File, Format Version 12.00
# Visual Studio Version 16
VisualStudioVersion = 16.0.32228.343
MinimumVisualStudioVersion = 10.0.40219.1
Project("{FAE04EC0-301F-11D3-BF4B-00C04F79EFBC}") = "MaxSubsetSumNoAdjacent", "MaxSubsetSumNoAdjacent.csproj", "{3BFFA3F4-B033-4A0C-95E1-D1369098E121}"
EndProject
Global
	GlobalSection(SolutionConfigurationPlatforms) = preSolution
		Debug|Any CPU = Debug|Any CPU
		Release|Any CPU = Release|Any CPU
	EndGlobalSection
	GlobalSection(ProjectConfigurationPlatforms) = postSolution
		{3BFFA3F4-B033-4A0C-95E1-D1369098E121}.Debug|Any CPU.ActiveCfg = Debug|Any CPU
		{3BFFA3F4-B033-4A0C-95E1-D1369098E121}.Debug|Any CPU.Build.0 = Debug|Any CPU
		{3BFFA3F4-B033-4A0C-95E1-D1369098E121}.Release|Any CPU.ActiveCfg = Release|Any CPU
		{3BFFA3F4-B033-4A0C-95E1-D1369098E121}.Release|Any CPU.Build.0 = Release|Any CPU
	EndGlobalSection
	GlobalSection(SolutionProperties) = preSolution
		HideSolutionNode = FALSE
	EndGlobalSection
	GlobalSection(ExtensibilityGlobals) = postSolution
		SolutionGuid = {754D48F2-12AC-4315-A803-7309CB813DF6}
	EndGlobalSection
EndGlobal
