
Microsoft Visual Studio Solution File, Format Version 12.00
# Visual Studio Version 16
VisualStudioVersion = 16.0.32228.343
MinimumVisualStudioVersion = 10.0.40219.1
Project("{FAE04EC0-301F-11D3-BF4B-00C04F79EFBC}") = "MoveElementToEnd", "MoveElementToEnd.csproj", "{635C4137-3030-414E-B4A0-CE2EE8870DF3}"
EndProject
Global
	GlobalSection(SolutionConfigurationPlatforms) = preSolution
		Debug|Any CPU = Debug|Any CPU
		Release|Any CPU = Release|Any CPU
	EndGlobalSection
	GlobalSection(ProjectConfigurationPlatforms) = postSolution
		{635C4137-3030-414E-B4A0-CE2EE8870DF3}.Debug|Any CPU.ActiveCfg = Debug|Any CPU
		{635C4137-3030-414E-B4A0-CE2EE8870DF3}.Debug|Any CPU.Build.0 = Debug|Any CPU
		{635C4137-3030-414E-B4A0-CE2EE8870DF3}.Release|Any CPU.ActiveCfg = Release|Any CPU
		{635C4137-3030-414E-B4A0-CE2EE8870DF3}.Release|Any CPU.Build.0 = Release|Any CPU
	EndGlobalSection
	GlobalSection(SolutionProperties) = preSolution
		HideSolutionNode = FALSE
	EndGlobalSection
	GlobalSection(ExtensibilityGlobals) = postSolution
		SolutionGuid = {6093C966-76B4-422A-911D-66934C8E573B}
	EndGlobalSection
EndGlobal
