
Microsoft Visual Studio Solution File, Format Version 12.00
# Visual Studio Version 16
VisualStudioVersion = 16.0.32228.343
MinimumVisualStudioVersion = 10.0.40219.1
Project("{FAE04EC0-301F-11D3-BF4B-00C04F79EFBC}") = "LongestPeak", "LongestPeak.csproj", "{87839A4E-DEE8-4603-B1E8-30B49693612A}"
EndProject
Global
	GlobalSection(SolutionConfigurationPlatforms) = preSolution
		Debug|Any CPU = Debug|Any CPU
		Release|Any CPU = Release|Any CPU
	EndGlobalSection
	GlobalSection(ProjectConfigurationPlatforms) = postSolution
		{87839A4E-DEE8-4603-B1E8-30B49693612A}.Debug|Any CPU.ActiveCfg = Debug|Any CPU
		{87839A4E-DEE8-4603-B1E8-30B49693612A}.Debug|Any CPU.Build.0 = Debug|Any CPU
		{87839A4E-DEE8-4603-B1E8-30B49693612A}.Release|Any CPU.ActiveCfg = Release|Any CPU
		{87839A4E-DEE8-4603-B1E8-30B49693612A}.Release|Any CPU.Build.0 = Release|Any CPU
	EndGlobalSection
	GlobalSection(SolutionProperties) = preSolution
		HideSolutionNode = FALSE
	EndGlobalSection
	GlobalSection(ExtensibilityGlobals) = postSolution
		SolutionGuid = {83E9269C-58FE-49A1-9376-A19977EAA67D}
	EndGlobalSection
EndGlobal
