
Microsoft Visual Studio Solution File, Format Version 12.00
# Visual Studio Version 16
VisualStudioVersion = 16.0.32228.343
MinimumVisualStudioVersion = 10.0.40219.1
Project("{FAE04EC0-301F-11D3-BF4B-00C04F79EFBC}") = "PascalTriangle", "PascalTriangle.csproj", "{4645CED6-F69F-4D6E-B209-EDCD2DA872FE}"
EndProject
Global
	GlobalSection(SolutionConfigurationPlatforms) = preSolution
		Debug|Any CPU = Debug|Any CPU
		Release|Any CPU = Release|Any CPU
	EndGlobalSection
	GlobalSection(ProjectConfigurationPlatforms) = postSolution
		{4645CED6-F69F-4D6E-B209-EDCD2DA872FE}.Debug|Any CPU.ActiveCfg = Debug|Any CPU
		{4645CED6-F69F-4D6E-B209-EDCD2DA872FE}.Debug|Any CPU.Build.0 = Debug|Any CPU
		{4645CED6-F69F-4D6E-B209-EDCD2DA872FE}.Release|Any CPU.ActiveCfg = Release|Any CPU
		{4645CED6-F69F-4D6E-B209-EDCD2DA872FE}.Release|Any CPU.Build.0 = Release|Any CPU
	EndGlobalSection
	GlobalSection(SolutionProperties) = preSolution
		HideSolutionNode = FALSE
	EndGlobalSection
	GlobalSection(ExtensibilityGlobals) = postSolution
		SolutionGuid = {C0142280-33B8-4922-BBEE-1084654B6C3C}
	EndGlobalSection
EndGlobal
