
Microsoft Visual Studio Solution File, Format Version 12.00
# Visual Studio Version 16
VisualStudioVersion = 16.0.32228.343
MinimumVisualStudioVersion = 10.0.40219.1
Project("{FAE04EC0-301F-11D3-BF4B-00C04F79EFBC}") = "ThreeSum", "ThreeSum.csproj", "{B47F101E-9AB9-4EBF-AD99-E1B9C7EA4C42}"
EndProject
Global
	GlobalSection(SolutionConfigurationPlatforms) = preSolution
		Debug|Any CPU = Debug|Any CPU
		Release|Any CPU = Release|Any CPU
	EndGlobalSection
	GlobalSection(ProjectConfigurationPlatforms) = postSolution
		{B47F101E-9AB9-4EBF-AD99-E1B9C7EA4C42}.Debug|Any CPU.ActiveCfg = Debug|Any CPU
		{B47F101E-9AB9-4EBF-AD99-E1B9C7EA4C42}.Debug|Any CPU.Build.0 = Debug|Any CPU
		{B47F101E-9AB9-4EBF-AD99-E1B9C7EA4C42}.Release|Any CPU.ActiveCfg = Release|Any CPU
		{B47F101E-9AB9-4EBF-AD99-E1B9C7EA4C42}.Release|Any CPU.Build.0 = Release|Any CPU
	EndGlobalSection
	GlobalSection(SolutionProperties) = preSolution
		HideSolutionNode = FALSE
	EndGlobalSection
	GlobalSection(ExtensibilityGlobals) = postSolution
		SolutionGuid = {5807078A-D561-4B22-ABFE-15D6811A3891}
	EndGlobalSection
EndGlobal
