
Microsoft Visual Studio Solution File, Format Version 12.00
# Visual Studio Version 16
VisualStudioVersion = 16.0.32228.343
MinimumVisualStudioVersion = 10.0.40219.1
Project("{FAE04EC0-301F-11D3-BF4B-00C04F79EFBC}") = "SubSequence", "SubSequence.csproj", "{54A3B0B8-059E-442E-A178-9049F5411B8D}"
EndProject
Global
	GlobalSection(SolutionConfigurationPlatforms) = preSolution
		Debug|Any CPU = Debug|Any CPU
		Release|Any CPU = Release|Any CPU
	EndGlobalSection
	GlobalSection(ProjectConfigurationPlatforms) = postSolution
		{54A3B0B8-059E-442E-A178-9049F5411B8D}.Debug|Any CPU.ActiveCfg = Debug|Any CPU
		{54A3B0B8-059E-442E-A178-9049F5411B8D}.Debug|Any CPU.Build.0 = Debug|Any CPU
		{54A3B0B8-059E-442E-A178-9049F5411B8D}.Release|Any CPU.ActiveCfg = Release|Any CPU
		{54A3B0B8-059E-442E-A178-9049F5411B8D}.Release|Any CPU.Build.0 = Release|Any CPU
	EndGlobalSection
	GlobalSection(SolutionProperties) = preSolution
		HideSolutionNode = FALSE
	EndGlobalSection
	GlobalSection(ExtensibilityGlobals) = postSolution
		SolutionGuid = {31395E56-4B09-4991-82A3-19523544D8D9}
	EndGlobalSection
EndGlobal
